
Microsoft Visual Studio Solution File, Format Version 12.00
# Visual Studio Version 17
VisualStudioVersion = 17.12.35506.116
MinimumVisualStudioVersion = 10.0.40219.1
Project("{FAE04EC0-301F-11D3-BF4B-00C04F79EFBC}") = "test", "test\test.csproj", "{77402052-B1B5-4315-AB08-C49DCC9106A5}"
EndProject
Project("{FAE04EC0-301F-11D3-BF4B-00C04F79EFBC}") = "test 2", "test 2\test 2.csproj", "{F1BE73B0-B5F1-4D0A-9A21-38456A15A2B2}"
EndProject
Global
	GlobalSection(SolutionConfigurationPlatforms) = preSolution
		Debug|Any CPU = Debug|Any CPU
		Release|Any CPU = Release|Any CPU
	EndGlobalSection
	GlobalSection(ProjectConfigurationPlatforms) = postSolution
		{77402052-B1B5-4315-AB08-C49DCC9106A5}.Debug|Any CPU.ActiveCfg = Debug|Any CPU
		{77402052-B1B5-4315-AB08-C49DCC9106A5}.Debug|Any CPU.Build.0 = Debug|Any CPU
		{77402052-B1B5-4315-AB08-C49DCC9106A5}.Release|Any CPU.ActiveCfg = Release|Any CPU
		{77402052-B1B5-4315-AB08-C49DCC9106A5}.Release|Any CPU.Build.0 = Release|Any CPU
		{F1BE73B0-B5F1-4D0A-9A21-38456A15A2B2}.Debug|Any CPU.ActiveCfg = Debug|Any CPU
		{F1BE73B0-B5F1-4D0A-9A21-38456A15A2B2}.Debug|Any CPU.Build.0 = Debug|Any CPU
		{F1BE73B0-B5F1-4D0A-9A21-38456A15A2B2}.Release|Any CPU.ActiveCfg = Release|Any CPU
		{F1BE73B0-B5F1-4D0A-9A21-38456A15A2B2}.Release|Any CPU.Build.0 = Release|Any CPU
	EndGlobalSection
	GlobalSection(SolutionProperties) = preSolution
		HideSolutionNode = FALSE
	EndGlobalSection
EndGlobal
